
Microsoft Visual Studio Solution File, Format Version 12.00
# Visual Studio 15
Project("{FAE04EC0-301F-11D3-BF4B-00C04F79EFBC}") = "Assembly-CSharp", "Assembly-CSharp.csproj", "{DEFBB12E-16ED-1CD5-031F-93CF2508DD38}"
EndProject
Project("{FAE04EC0-301F-11D3-BF4B-00C04F79EFBC}") = "Assembly-CSharp-Editor", "Assembly-CSharp-Editor.csproj", "{0913011F-858F-997A-EFA3-16B0F75F15C8}"
EndProject
Global
	GlobalSection(SolutionConfigurationPlatforms) = preSolution
		Debug|Any CPU = Debug|Any CPU
		Release|Any CPU = Release|Any CPU
	EndGlobalSection
	GlobalSection(ProjectConfigurationPlatforms) = postSolution
		{DEFBB12E-16ED-1CD5-031F-93CF2508DD38}.Debug|Any CPU.ActiveCfg = Debug|Any CPU
		{DEFBB12E-16ED-1CD5-031F-93CF2508DD38}.Debug|Any CPU.Build.0 = Debug|Any CPU
		{DEFBB12E-16ED-1CD5-031F-93CF2508DD38}.Release|Any CPU.ActiveCfg = Release|Any CPU
		{DEFBB12E-16ED-1CD5-031F-93CF2508DD38}.Release|Any CPU.Build.0 = Release|Any CPU
		{0913011F-858F-997A-EFA3-16B0F75F15C8}.Debug|Any CPU.ActiveCfg = Debug|Any CPU
		{0913011F-858F-997A-EFA3-16B0F75F15C8}.Debug|Any CPU.Build.0 = Debug|Any CPU
		{0913011F-858F-997A-EFA3-16B0F75F15C8}.Release|Any CPU.ActiveCfg = Release|Any CPU
		{0913011F-858F-997A-EFA3-16B0F75F15C8}.Release|Any CPU.Build.0 = Release|Any CPU
	EndGlobalSection
	GlobalSection(SolutionProperties) = preSolution
		HideSolutionNode = FALSE
	EndGlobalSection
EndGlobal
